
Microsoft Visual Studio Solution File, Format Version 12.00
# Visual Studio Version 17
VisualStudioVersion = 17.10.35013.160
MinimumVisualStudioVersion = 10.0.40219.1
Project("{FAE04EC0-301F-11D3-BF4B-00C04F79EFBC}") = "DataAccess", "DataAccess\DataAccess.csproj", "{D754B8B3-1003-4044-A778-3C95807CCCE9}"
EndProject
Project("{FAE04EC0-301F-11D3-BF4B-00C04F79EFBC}") = "Atributos", "Atributos\Atributos.csproj", "{C54E9476-E198-42AD-B7C0-2F17B22FA531}"
EndProject
Global
	GlobalSection(SolutionConfigurationPlatforms) = preSolution
		Debug|Any CPU = Debug|Any CPU
		Release|Any CPU = Release|Any CPU
	EndGlobalSection
	GlobalSection(ProjectConfigurationPlatforms) = postSolution
		{D754B8B3-1003-4044-A778-3C95807CCCE9}.Debug|Any CPU.ActiveCfg = Debug|Any CPU
		{D754B8B3-1003-4044-A778-3C95807CCCE9}.Debug|Any CPU.Build.0 = Debug|Any CPU
		{D754B8B3-1003-4044-A778-3C95807CCCE9}.Release|Any CPU.ActiveCfg = Release|Any CPU
		{D754B8B3-1003-4044-A778-3C95807CCCE9}.Release|Any CPU.Build.0 = Release|Any CPU
		{C54E9476-E198-42AD-B7C0-2F17B22FA531}.Debug|Any CPU.ActiveCfg = Debug|Any CPU
		{C54E9476-E198-42AD-B7C0-2F17B22FA531}.Debug|Any CPU.Build.0 = Debug|Any CPU
		{C54E9476-E198-42AD-B7C0-2F17B22FA531}.Release|Any CPU.ActiveCfg = Release|Any CPU
		{C54E9476-E198-42AD-B7C0-2F17B22FA531}.Release|Any CPU.Build.0 = Release|Any CPU
	EndGlobalSection
	GlobalSection(SolutionProperties) = preSolution
		HideSolutionNode = FALSE
	EndGlobalSection
	GlobalSection(ExtensibilityGlobals) = postSolution
		SolutionGuid = {C644196D-AEDE-403E-8438-D17F7E0565F5}
	EndGlobalSection
EndGlobal
